// !$*UTF8*$!
{
	archiveVersion = 1;
	classes = {
	};
	objectVersion = 46;
	objects = {

/* Begin PBXBuildFile section */
		744D96FAE4BB999C59565A41 /* libPods-MapDemoTests.a in Frameworks */ = {isa = PBXBuildFile; fileRef = EDB7F83ED7A248901C3A74C9 /* libPods-MapDemoTests.a */; };
		7AD8AA101D6EEA2200F5B7E8 /* main.m in Sources */ = {isa = PBXBuildFile; fileRef = 7AD8AA0F1D6EEA2200F5B7E8 /* main.m */; };
		7AD8AA131D6EEA2200F5B7E8 /* AppDelegate.m in Sources */ = {isa = PBXBuildFile; fileRef = 7AD8AA121D6EEA2200F5B7E8 /* AppDelegate.m */; };
		7AD8AA161D6EEA2200F5B7E8 /* ViewController.m in Sources */ = {isa = PBXBuildFile; fileRef = 7AD8AA151D6EEA2200F5B7E8 /* ViewController.m */; };
		7AD8AA191D6EEA2200F5B7E8 /* Main.storyboard in Resources */ = {isa = PBXBuildFile; fileRef = 7AD8AA171D6EEA2200F5B7E8 /* Main.storyboard */; };
		7AD8AA1B1D6EEA2200F5B7E8 /* Assets.xcassets in Resources */ = {isa = PBXBuildFile; fileRef = 7AD8AA1A1D6EEA2200F5B7E8 /* Assets.xcassets */; };
		7AD8AA1E1D6EEA2200F5B7E8 /* LaunchScreen.storyboard in Resources */ = {isa = PBXBuildFile; fileRef = 7AD8AA1C1D6EEA2200F5B7E8 /* LaunchScreen.storyboard */; };
		7AD8AA291D6EEA2300F5B7E8 /* MapDemoTests.m in Sources */ = {isa = PBXBuildFile; fileRef = 7AD8AA281D6EEA2300F5B7E8 /* MapDemoTests.m */; };
		7AD8AA341D6EEA2300F5B7E8 /* MapDemoUITests.m in Sources */ = {isa = PBXBuildFile; fileRef = 7AD8AA331D6EEA2300F5B7E8 /* MapDemoUITests.m */; };
		7AD8AA531D6EEBC900F5B7E8 /* clsMenu.m in Sources */ = {isa = PBXBuildFile; fileRef = 7AD8AA431D6EEBC900F5B7E8 /* clsMenu.m */; };
		7AD8AA541D6EEBC900F5B7E8 /* CustomNavigationController.m in Sources */ = {isa = PBXBuildFile; fileRef = 7AD8AA451D6EEBC900F5B7E8 /* CustomNavigationController.m */; };
		7AD8AA551D6EEBC900F5B7E8 /* GHRevealViewController.m in Sources */ = {isa = PBXBuildFile; fileRef = 7AD8AA471D6EEBC900F5B7E8 /* GHRevealViewController.m */; };
		7AD8AA561D6EEBC900F5B7E8 /* MainViewController.m in Sources */ = {isa = PBXBuildFile; fileRef = 7AD8AA491D6EEBC900F5B7E8 /* MainViewController.m */; };
		7AD8AA571D6EEBC900F5B7E8 /* MenuCell.m in Sources */ = {isa = PBXBuildFile; fileRef = 7AD8AA4B1D6EEBC900F5B7E8 /* MenuCell.m */; };
		7AD8AA581D6EEBC900F5B7E8 /* MenuCell.xib in Resources */ = {isa = PBXBuildFile; fileRef = 7AD8AA4C1D6EEBC900F5B7E8 /* MenuCell.xib */; };
		7AD8AA591D6EEBC900F5B7E8 /* MenuViewController.m in Sources */ = {isa = PBXBuildFile; fileRef = 7AD8AA4E1D6EEBC900F5B7E8 /* MenuViewController.m */; };
		7AD8AA5A1D6EEBC900F5B7E8 /* MenuViewController.xib in Resources */ = {isa = PBXBuildFile; fileRef = 7AD8AA4F1D6EEBC900F5B7E8 /* MenuViewController.xib */; };
		7AD8AA5B1D6EEBC900F5B7E8 /* VersionViewController.m in Sources */ = {isa = PBXBuildFile; fileRef = 7AD8AA511D6EEBC900F5B7E8 /* VersionViewController.m */; };
		7AD8AA5C1D6EEBC900F5B7E8 /* VersionViewController.xib in Resources */ = {isa = PBXBuildFile; fileRef = 7AD8AA521D6EEBC900F5B7E8 /* VersionViewController.xib */; };
		7AD8AA791D6EECFE00F5B7E8 /* FirstViewController.m in Sources */ = {isa = PBXBuildFile; fileRef = 7AD8AA6F1D6EECFE00F5B7E8 /* FirstViewController.m */; };
		7AD8AA7A1D6EECFE00F5B7E8 /* FirstViewController.xib in Resources */ = {isa = PBXBuildFile; fileRef = 7AD8AA701D6EECFE00F5B7E8 /* FirstViewController.xib */; };
		7AD8AA7B1D6EECFE00F5B7E8 /* HomeViewController.m in Sources */ = {isa = PBXBuildFile; fileRef = 7AD8AA731D6EECFE00F5B7E8 /* HomeViewController.m */; };
		7AD8AA7C1D6EECFE00F5B7E8 /* HomeViewController.xib in Resources */ = {isa = PBXBuildFile; fileRef = 7AD8AA741D6EECFE00F5B7E8 /* HomeViewController.xib */; };
		7AD8AA7D1D6EECFE00F5B7E8 /* PushViewController.m in Sources */ = {isa = PBXBuildFile; fileRef = 7AD8AA771D6EECFE00F5B7E8 /* PushViewController.m */; };
		7AD8AA7E1D6EECFE00F5B7E8 /* PushViewController.xib in Resources */ = {isa = PBXBuildFile; fileRef = 7AD8AA781D6EECFE00F5B7E8 /* PushViewController.xib */; };
		7AD8AA811D6EF1A000F5B7E8 /* MPCalloutAnnotationView.m in Sources */ = {isa = PBXBuildFile; fileRef = 7AD8AA801D6EF1A000F5B7E8 /* MPCalloutAnnotationView.m */; };
		7AD8AA881D6EF29F00F5B7E8 /* ChooseCell.m in Sources */ = {isa = PBXBuildFile; fileRef = 7AD8AA831D6EF29F00F5B7E8 /* ChooseCell.m */; };
		7AD8AA891D6EF29F00F5B7E8 /* ChooseCell.xib in Resources */ = {isa = PBXBuildFile; fileRef = 7AD8AA841D6EF29F00F5B7E8 /* ChooseCell.xib */; };
		7AD8AA8A1D6EF29F00F5B7E8 /* ChooseView.m in Sources */ = {isa = PBXBuildFile; fileRef = 7AD8AA861D6EF29F00F5B7E8 /* ChooseView.m */; };
		7AD8AA8B1D6EF29F00F5B7E8 /* ChooseView.xib in Resources */ = {isa = PBXBuildFile; fileRef = 7AD8AA871D6EF29F00F5B7E8 /* ChooseView.xib */; };
		9808D3D86612A4F5BAB9B763 /* libPods-MapDemo.a in Frameworks */ = {isa = PBXBuildFile; fileRef = 924AC8B3F6F73818EE6270F1 /* libPods-MapDemo.a */; };
		FF6D0882EECE2BA354AF42ED /* libPods-MapDemoUITests.a in Frameworks */ = {isa = PBXBuildFile; fileRef = 241BA886AEA9212C5DB7E30A /* libPods-MapDemoUITests.a */; };
/* End PBXBuildFile section */

/* Begin PBXContainerItemProxy section */
		7AD8AA251D6EEA2200F5B7E8 /* PBXContainerItemProxy */ = {
			isa = PBXContainerItemProxy;
			containerPortal = 7AD8AA031D6EEA2200F5B7E8 /* Project object */;
			proxyType = 1;
			remoteGlobalIDString = 7AD8AA0A1D6EEA2200F5B7E8;
			remoteInfo = MapDemo;
		};
		7AD8AA301D6EEA2300F5B7E8 /* PBXContainerItemProxy */ = {
			isa = PBXContainerItemProxy;
			containerPortal = 7AD8AA031D6EEA2200F5B7E8 /* Project object */;
			proxyType = 1;
			remoteGlobalIDString = 7AD8AA0A1D6EEA2200F5B7E8;
			remoteInfo = MapDemo;
		};
/* End PBXContainerItemProxy section */

/* Begin PBXFileReference section */
		241BA886AEA9212C5DB7E30A /* libPods-MapDemoUITests.a */ = {isa = PBXFileReference; explicitFileType = archive.ar; includeInIndex = 0; path = "libPods-MapDemoUITests.a"; sourceTree = BUILT_PRODUCTS_DIR; };
		54CC43A0E6B17FA092818B40 /* Pods-MapDemoTests.release.xcconfig */ = {isa = PBXFileReference; includeInIndex = 1; lastKnownFileType = text.xcconfig; name = "Pods-MapDemoTests.release.xcconfig"; path = "Pods/Target Support Files/Pods-MapDemoTests/Pods-MapDemoTests.release.xcconfig"; sourceTree = "<group>"; };
		6B53292900E1476F7B814DC4 /* Pods-MapDemo.debug.xcconfig */ = {isa = PBXFileReference; includeInIndex = 1; lastKnownFileType = text.xcconfig; name = "Pods-MapDemo.debug.xcconfig"; path = "Pods/Target Support Files/Pods-MapDemo/Pods-MapDemo.debug.xcconfig"; sourceTree = "<group>"; };
		77F01B46576FE717A9DF0B55 /* Pods-MapDemoTests.debug.xcconfig */ = {isa = PBXFileReference; includeInIndex = 1; lastKnownFileType = text.xcconfig; name = "Pods-MapDemoTests.debug.xcconfig"; path = "Pods/Target Support Files/Pods-MapDemoTests/Pods-MapDemoTests.debug.xcconfig"; sourceTree = "<group>"; };
		7AD8AA0B1D6EEA2200F5B7E8 /* MapDemo.app */ = {isa = PBXFileReference; explicitFileType = wrapper.application; includeInIndex = 0; path = MapDemo.app; sourceTree = BUILT_PRODUCTS_DIR; };
		7AD8AA0F1D6EEA2200F5B7E8 /* main.m */ = {isa = PBXFileReference; lastKnownFileType = sourcecode.c.objc; path = main.m; sourceTree = "<group>"; };
		7AD8AA111D6EEA2200F5B7E8 /* AppDelegate.h */ = {isa = PBXFileReference; lastKnownFileType = sourcecode.c.h; path = AppDelegate.h; sourceTree = "<group>"; };
		7AD8AA121D6EEA2200F5B7E8 /* AppDelegate.m */ = {isa = PBXFileReference; lastKnownFileType = sourcecode.c.objc; path = AppDelegate.m; sourceTree = "<group>"; };
		7AD8AA141D6EEA2200F5B7E8 /* ViewController.h */ = {isa = PBXFileReference; lastKnownFileType = sourcecode.c.h; path = ViewController.h; sourceTree = "<group>"; };
		7AD8AA151D6EEA2200F5B7E8 /* ViewController.m */ = {isa = PBXFileReference; lastKnownFileType = sourcecode.c.objc; path = ViewController.m; sourceTree = "<group>"; };
		7AD8AA181D6EEA2200F5B7E8 /* Base */ = {isa = PBXFileReference; lastKnownFileType = file.storyboard; name = Base; path = Base.lproj/Main.storyboard; sourceTree = "<group>"; };
		7AD8AA1A1D6EEA2200F5B7E8 /* Assets.xcassets */ = {isa = PBXFileReference; lastKnownFileType = folder.assetcatalog; path = Assets.xcassets; sourceTree = "<group>"; };
		7AD8AA1D1D6EEA2200F5B7E8 /* Base */ = {isa = PBXFileReference; lastKnownFileType = file.storyboard; name = Base; path = Base.lproj/LaunchScreen.storyboard; sourceTree = "<group>"; };
		7AD8AA1F1D6EEA2200F5B7E8 /* Info.plist */ = {isa = PBXFileReference; lastKnownFileType = text.plist.xml; path = Info.plist; sourceTree = "<group>"; };
		7AD8AA241D6EEA2200F5B7E8 /* MapDemoTests.xctest */ = {isa = PBXFileReference; explicitFileType = wrapper.cfbundle; includeInIndex = 0; path = MapDemoTests.xctest; sourceTree = BUILT_PRODUCTS_DIR; };
		7AD8AA281D6EEA2300F5B7E8 /* MapDemoTests.m */ = {isa = PBXFileReference; lastKnownFileType = sourcecode.c.objc; path = MapDemoTests.m; sourceTree = "<group>"; };
		7AD8AA2A1D6EEA2300F5B7E8 /* Info.plist */ = {isa = PBXFileReference; lastKnownFileType = text.plist.xml; path = Info.plist; sourceTree = "<group>"; };
		7AD8AA2F1D6EEA2300F5B7E8 /* MapDemoUITests.xctest */ = {isa = PBXFileReference; explicitFileType = wrapper.cfbundle; includeInIndex = 0; path = MapDemoUITests.xctest; sourceTree = BUILT_PRODUCTS_DIR; };
		7AD8AA331D6EEA2300F5B7E8 /* MapDemoUITests.m */ = {isa = PBXFileReference; lastKnownFileType = sourcecode.c.objc; path = MapDemoUITests.m; sourceTree = "<group>"; };
		7AD8AA351D6EEA2300F5B7E8 /* Info.plist */ = {isa = PBXFileReference; lastKnownFileType = text.plist.xml; path = Info.plist; sourceTree = "<group>"; };
		7AD8AA421D6EEBC900F5B7E8 /* clsMenu.h */ = {isa = PBXFileReference; fileEncoding = 4; lastKnownFileType = sourcecode.c.h; path = clsMenu.h; sourceTree = "<group>"; };
		7AD8AA431D6EEBC900F5B7E8 /* clsMenu.m */ = {isa = PBXFileReference; fileEncoding = 4; lastKnownFileType = sourcecode.c.objc; path = clsMenu.m; sourceTree = "<group>"; };
		7AD8AA441D6EEBC900F5B7E8 /* CustomNavigationController.h */ = {isa = PBXFileReference; fileEncoding = 4; lastKnownFileType = sourcecode.c.h; path = CustomNavigationController.h; sourceTree = "<group>"; };
		7AD8AA451D6EEBC900F5B7E8 /* CustomNavigationController.m */ = {isa = PBXFileReference; fileEncoding = 4; lastKnownFileType = sourcecode.c.objc; path = CustomNavigationController.m; sourceTree = "<group>"; };
		7AD8AA461D6EEBC900F5B7E8 /* GHRevealViewController.h */ = {isa = PBXFileReference; fileEncoding = 4; lastKnownFileType = sourcecode.c.h; path = GHRevealViewController.h; sourceTree = "<group>"; };
		7AD8AA471D6EEBC900F5B7E8 /* GHRevealViewController.m */ = {isa = PBXFileReference; fileEncoding = 4; lastKnownFileType = sourcecode.c.objc; path = GHRevealViewController.m; sourceTree = "<group>"; };
		7AD8AA481D6EEBC900F5B7E8 /* MainViewController.h */ = {isa = PBXFileReference; fileEncoding = 4; lastKnownFileType = sourcecode.c.h; path = MainViewController.h; sourceTree = "<group>"; };
		7AD8AA491D6EEBC900F5B7E8 /* MainViewController.m */ = {isa = PBXFileReference; fileEncoding = 4; lastKnownFileType = sourcecode.c.objc; path = MainViewController.m; sourceTree = "<group>"; };
		7AD8AA4A1D6EEBC900F5B7E8 /* MenuCell.h */ = {isa = PBXFileReference; fileEncoding = 4; lastKnownFileType = sourcecode.c.h; path = MenuCell.h; sourceTree = "<group>"; };
		7AD8AA4B1D6EEBC900F5B7E8 /* MenuCell.m */ = {isa = PBXFileReference; fileEncoding = 4; lastKnownFileType = sourcecode.c.objc; path = MenuCell.m; sourceTree = "<group>"; };
		7AD8AA4C1D6EEBC900F5B7E8 /* MenuCell.xib */ = {isa = PBXFileReference; fileEncoding = 4; lastKnownFileType = file.xib; path = MenuCell.xib; sourceTree = "<group>"; };
		7AD8AA4D1D6EEBC900F5B7E8 /* MenuViewController.h */ = {isa = PBXFileReference; fileEncoding = 4; lastKnownFileType = sourcecode.c.h; path = MenuViewController.h; sourceTree = "<group>"; };
		7AD8AA4E1D6EEBC900F5B7E8 /* MenuViewController.m */ = {isa = PBXFileReference; fileEncoding = 4; lastKnownFileType = sourcecode.c.objc; path = MenuViewController.m; sourceTree = "<group>"; };
		7AD8AA4F1D6EEBC900F5B7E8 /* MenuViewController.xib */ = {isa = PBXFileReference; fileEncoding = 4; lastKnownFileType = file.xib; path = MenuViewController.xib; sourceTree = "<group>"; };
		7AD8AA501D6EEBC900F5B7E8 /* VersionViewController.h */ = {isa = PBXFileReference; fileEncoding = 4; lastKnownFileType = sourcecode.c.h; path = VersionViewController.h; sourceTree = "<group>"; };
		7AD8AA511D6EEBC900F5B7E8 /* VersionViewController.m */ = {isa = PBXFileReference; fileEncoding = 4; lastKnownFileType = sourcecode.c.objc; path = VersionViewController.m; sourceTree = "<group>"; };
		7AD8AA521D6EEBC900F5B7E8 /* VersionViewController.xib */ = {isa = PBXFileReference; fileEncoding = 4; lastKnownFileType = file.xib; path = VersionViewController.xib; sourceTree = "<group>"; };
		7AD8AA6E1D6EECFE00F5B7E8 /* FirstViewController.h */ = {isa = PBXFileReference; fileEncoding = 4; lastKnownFileType = sourcecode.c.h; path = FirstViewController.h; sourceTree = "<group>"; };
		7AD8AA6F1D6EECFE00F5B7E8 /* FirstViewController.m */ = {isa = PBXFileReference; fileEncoding = 4; lastKnownFileType = sourcecode.c.objc; path = FirstViewController.m; sourceTree = "<group>"; };
		7AD8AA701D6EECFE00F5B7E8 /* FirstViewController.xib */ = {isa = PBXFileReference; fileEncoding = 4; lastKnownFileType = file.xib; path = FirstViewController.xib; sourceTree = "<group>"; };
		7AD8AA721D6EECFE00F5B7E8 /* HomeViewController.h */ = {isa = PBXFileReference; fileEncoding = 4; lastKnownFileType = sourcecode.c.h; path = HomeViewController.h; sourceTree = "<group>"; };
		7AD8AA731D6EECFE00F5B7E8 /* HomeViewController.m */ = {isa = PBXFileReference; fileEncoding = 4; lastKnownFileType = sourcecode.c.objc; path = HomeViewController.m; sourceTree = "<group>"; };
		7AD8AA741D6EECFE00F5B7E8 /* HomeViewController.xib */ = {isa = PBXFileReference; fileEncoding = 4; lastKnownFileType = file.xib; path = HomeViewController.xib; sourceTree = "<group>"; };
		7AD8AA761D6EECFE00F5B7E8 /* PushViewController.h */ = {isa = PBXFileReference; fileEncoding = 4; lastKnownFileType = sourcecode.c.h; path = PushViewController.h; sourceTree = "<group>"; };
		7AD8AA771D6EECFE00F5B7E8 /* PushViewController.m */ = {isa = PBXFileReference; fileEncoding = 4; lastKnownFileType = sourcecode.c.objc; path = PushViewController.m; sourceTree = "<group>"; };
		7AD8AA781D6EECFE00F5B7E8 /* PushViewController.xib */ = {isa = PBXFileReference; fileEncoding = 4; lastKnownFileType = file.xib; path = PushViewController.xib; sourceTree = "<group>"; };
		7AD8AA7F1D6EF1A000F5B7E8 /* MPCalloutAnnotationView.h */ = {isa = PBXFileReference; fileEncoding = 4; lastKnownFileType = sourcecode.c.h; path = MPCalloutAnnotationView.h; sourceTree = "<group>"; };
		7AD8AA801D6EF1A000F5B7E8 /* MPCalloutAnnotationView.m */ = {isa = PBXFileReference; fileEncoding = 4; lastKnownFileType = sourcecode.c.objc; path = MPCalloutAnnotationView.m; sourceTree = "<group>"; };
		7AD8AA821D6EF29F00F5B7E8 /* ChooseCell.h */ = {isa = PBXFileReference; fileEncoding = 4; lastKnownFileType = sourcecode.c.h; path = ChooseCell.h; sourceTree = "<group>"; };
		7AD8AA831D6EF29F00F5B7E8 /* ChooseCell.m */ = {isa = PBXFileReference; fileEncoding = 4; lastKnownFileType = sourcecode.c.objc; path = ChooseCell.m; sourceTree = "<group>"; };
		7AD8AA841D6EF29F00F5B7E8 /* ChooseCell.xib */ = {isa = PBXFileReference; fileEncoding = 4; lastKnownFileType = file.xib; path = ChooseCell.xib; sourceTree = "<group>"; };
		7AD8AA851D6EF29F00F5B7E8 /* ChooseView.h */ = {isa = PBXFileReference; fileEncoding = 4; lastKnownFileType = sourcecode.c.h; path = ChooseView.h; sourceTree = "<group>"; };
		7AD8AA861D6EF29F00F5B7E8 /* ChooseView.m */ = {isa = PBXFileReference; fileEncoding = 4; lastKnownFileType = sourcecode.c.objc; path = ChooseView.m; sourceTree = "<group>"; };
		7AD8AA871D6EF29F00F5B7E8 /* ChooseView.xib */ = {isa = PBXFileReference; fileEncoding = 4; lastKnownFileType = file.xib; path = ChooseView.xib; sourceTree = "<group>"; };
		9122A5F63EE97D80C3C099D4 /* Pods-MapDemo.release.xcconfig */ = {isa = PBXFileReference; includeInIndex = 1; lastKnownFileType = text.xcconfig; name = "Pods-MapDemo.release.xcconfig"; path = "Pods/Target Support Files/Pods-MapDemo/Pods-MapDemo.release.xcconfig"; sourceTree = "<group>"; };
		924AC8B3F6F73818EE6270F1 /* libPods-MapDemo.a */ = {isa = PBXFileReference; explicitFileType = archive.ar; includeInIndex = 0; path = "libPods-MapDemo.a"; sourceTree = BUILT_PRODUCTS_DIR; };
		BC465E6618C81F7EE7C0091E /* Pods-MapDemoUITests.debug.xcconfig */ = {isa = PBXFileReference; includeInIndex = 1; lastKnownFileType = text.xcconfig; name = "Pods-MapDemoUITests.debug.xcconfig"; path = "Pods/Target Support Files/Pods-MapDemoUITests/Pods-MapDemoUITests.debug.xcconfig"; sourceTree = "<group>"; };
		D6E486DDBC35083D52FA15B6 /* Pods-MapDemoUITests.release.xcconfig */ = {isa = PBXFileReference; includeInIndex = 1; lastKnownFileType = text.xcconfig; name = "Pods-MapDemoUITests.release.xcconfig"; path = "Pods/Target Support Files/Pods-MapDemoUITests/Pods-MapDemoUITests.release.xcconfig"; sourceTree = "<group>"; };
		EDB7F83ED7A248901C3A74C9 /* libPods-MapDemoTests.a */ = {isa = PBXFileReference; explicitFileType = archive.ar; includeInIndex = 0; path = "libPods-MapDemoTests.a"; sourceTree = BUILT_PRODUCTS_DIR; };
/* End PBXFileReference section */

/* Begin PBXFrameworksBuildPhase section */
		7AD8AA081D6EEA2200F5B7E8 /* Frameworks */ = {
			isa = PBXFrameworksBuildPhase;
			buildActionMask = 2147483647;
			files = (
				9808D3D86612A4F5BAB9B763 /* libPods-MapDemo.a in Frameworks */,
			);
			runOnlyForDeploymentPostprocessing = 0;
		};
		7AD8AA211D6EEA2200F5B7E8 /* Frameworks */ = {
			isa = PBXFrameworksBuildPhase;
			buildActionMask = 2147483647;
			files = (
				744D96FAE4BB999C59565A41 /* libPods-MapDemoTests.a in Frameworks */,
			);
			runOnlyForDeploymentPostprocessing = 0;
		};
		7AD8AA2C1D6EEA2300F5B7E8 /* Frameworks */ = {
			isa = PBXFrameworksBuildPhase;
			buildActionMask = 2147483647;
			files = (
				FF6D0882EECE2BA354AF42ED /* libPods-MapDemoUITests.a in Frameworks */,
			);
			runOnlyForDeploymentPostprocessing = 0;
		};
/* End PBXFrameworksBuildPhase section */

/* Begin PBXGroup section */
		432699C12658FD35CD0250D0 /* Pods */ = {
			isa = PBXGroup;
			children = (
				6B53292900E1476F7B814DC4 /* Pods-MapDemo.debug.xcconfig */,
				9122A5F63EE97D80C3C099D4 /* Pods-MapDemo.release.xcconfig */,
				77F01B46576FE717A9DF0B55 /* Pods-MapDemoTests.debug.xcconfig */,
				54CC43A0E6B17FA092818B40 /* Pods-MapDemoTests.release.xcconfig */,
				BC465E6618C81F7EE7C0091E /* Pods-MapDemoUITests.debug.xcconfig */,
				D6E486DDBC35083D52FA15B6 /* Pods-MapDemoUITests.release.xcconfig */,
			);
			name = Pods;
			sourceTree = "<group>";
		};
		7AD8AA021D6EEA2200F5B7E8 = {
			isa = PBXGroup;
			children = (
				7AD8AA0D1D6EEA2200F5B7E8 /* MapDemo */,
				7AD8AA271D6EEA2200F5B7E8 /* MapDemoTests */,
				7AD8AA321D6EEA2300F5B7E8 /* MapDemoUITests */,
				7AD8AA0C1D6EEA2200F5B7E8 /* Products */,
				432699C12658FD35CD0250D0 /* Pods */,
				C05A4D892FE6DEDA979602D8 /* Frameworks */,
			);
			sourceTree = "<group>";
		};
		7AD8AA0C1D6EEA2200F5B7E8 /* Products */ = {
			isa = PBXGroup;
			children = (
				7AD8AA0B1D6EEA2200F5B7E8 /* MapDemo.app */,
				7AD8AA241D6EEA2200F5B7E8 /* MapDemoTests.xctest */,
				7AD8AA2F1D6EEA2300F5B7E8 /* MapDemoUITests.xctest */,
			);
			name = Products;
			sourceTree = "<group>";
		};
		7AD8AA0D1D6EEA2200F5B7E8 /* MapDemo */ = {
			isa = PBXGroup;
			children = (
				7AD8AA111D6EEA2200F5B7E8 /* AppDelegate.h */,
				7AD8AA121D6EEA2200F5B7E8 /* AppDelegate.m */,
				7AD8AA751D6EECFE00F5B7E8 /* Push */,
				7AD8AA6D1D6EECFE00F5B7E8 /* First */,
				7AD8AA711D6EECFE00F5B7E8 /* Home */,
				7AD8AA411D6EEBC900F5B7E8 /* Main */,
				7AD8AA6C1D6EEC1A00F5B7E8 /* Other */,
				7AD8AA0E1D6EEA2200F5B7E8 /* Supporting Files */,
			);
			path = MapDemo;
			sourceTree = "<group>";
		};
		7AD8AA0E1D6EEA2200F5B7E8 /* Supporting Files */ = {
			isa = PBXGroup;
			children = (
				7AD8AA1A1D6EEA2200F5B7E8 /* Assets.xcassets */,
				7AD8AA1F1D6EEA2200F5B7E8 /* Info.plist */,
				7AD8AA0F1D6EEA2200F5B7E8 /* main.m */,
			);
			name = "Supporting Files";
			sourceTree = "<group>";
		};
		7AD8AA271D6EEA2200F5B7E8 /* MapDemoTests */ = {
			isa = PBXGroup;
			children = (
				7AD8AA281D6EEA2300F5B7E8 /* MapDemoTests.m */,
				7AD8AA2A1D6EEA2300F5B7E8 /* Info.plist */,
			);
			path = MapDemoTests;
			sourceTree = "<group>";
		};
		7AD8AA321D6EEA2300F5B7E8 /* MapDemoUITests */ = {
			isa = PBXGroup;
			children = (
				7AD8AA331D6EEA2300F5B7E8 /* MapDemoUITests.m */,
				7AD8AA351D6EEA2300F5B7E8 /* Info.plist */,
			);
			path = MapDemoUITests;
			sourceTree = "<group>";
		};
		7AD8AA411D6EEBC900F5B7E8 /* Main */ = {
			isa = PBXGroup;
			children = (
				7AD8AA421D6EEBC900F5B7E8 /* clsMenu.h */,
				7AD8AA431D6EEBC900F5B7E8 /* clsMenu.m */,
				7AD8AA441D6EEBC900F5B7E8 /* CustomNavigationController.h */,
				7AD8AA451D6EEBC900F5B7E8 /* CustomNavigationController.m */,
				7AD8AA461D6EEBC900F5B7E8 /* GHRevealViewController.h */,
				7AD8AA471D6EEBC900F5B7E8 /* GHRevealViewController.m */,
				7AD8AA481D6EEBC900F5B7E8 /* MainViewController.h */,
				7AD8AA491D6EEBC900F5B7E8 /* MainViewController.m */,
				7AD8AA4A1D6EEBC900F5B7E8 /* MenuCell.h */,
				7AD8AA4B1D6EEBC900F5B7E8 /* MenuCell.m */,
				7AD8AA4C1D6EEBC900F5B7E8 /* MenuCell.xib */,
				7AD8AA4D1D6EEBC900F5B7E8 /* MenuViewController.h */,
				7AD8AA4E1D6EEBC900F5B7E8 /* MenuViewController.m */,
				7AD8AA4F1D6EEBC900F5B7E8 /* MenuViewController.xib */,
				7AD8AA501D6EEBC900F5B7E8 /* VersionViewController.h */,
				7AD8AA511D6EEBC900F5B7E8 /* VersionViewController.m */,
				7AD8AA521D6EEBC900F5B7E8 /* VersionViewController.xib */,
			);
			path = Main;
			sourceTree = "<group>";
		};
		7AD8AA6C1D6EEC1A00F5B7E8 /* Other */ = {
			isa = PBXGroup;
			children = (
				7AD8AA141D6EEA2200F5B7E8 /* ViewController.h */,
				7AD8AA151D6EEA2200F5B7E8 /* ViewController.m */,
				7AD8AA171D6EEA2200F5B7E8 /* Main.storyboard */,
				7AD8AA1C1D6EEA2200F5B7E8 /* LaunchScreen.storyboard */,
			);
			name = Other;
			sourceTree = "<group>";
		};
		7AD8AA6D1D6EECFE00F5B7E8 /* First */ = {
			isa = PBXGroup;
			children = (
				7AD8AA6E1D6EECFE00F5B7E8 /* FirstViewController.h */,
				7AD8AA6F1D6EECFE00F5B7E8 /* FirstViewController.m */,
				7AD8AA701D6EECFE00F5B7E8 /* FirstViewController.xib */,
			);
			path = First;
			sourceTree = "<group>";
		};
		7AD8AA711D6EECFE00F5B7E8 /* Home */ = {
			isa = PBXGroup;
			children = (
				7AD8AA821D6EF29F00F5B7E8 /* ChooseCell.h */,
				7AD8AA831D6EF29F00F5B7E8 /* ChooseCell.m */,
				7AD8AA841D6EF29F00F5B7E8 /* ChooseCell.xib */,
				7AD8AA851D6EF29F00F5B7E8 /* ChooseView.h */,
				7AD8AA861D6EF29F00F5B7E8 /* ChooseView.m */,
				7AD8AA871D6EF29F00F5B7E8 /* ChooseView.xib */,
				7AD8AA7F1D6EF1A000F5B7E8 /* MPCalloutAnnotationView.h */,
				7AD8AA801D6EF1A000F5B7E8 /* MPCalloutAnnotationView.m */,
				7AD8AA721D6EECFE00F5B7E8 /* HomeViewController.h */,
				7AD8AA731D6EECFE00F5B7E8 /* HomeViewController.m */,
				7AD8AA741D6EECFE00F5B7E8 /* HomeViewController.xib */,
			);
			path = Home;
			sourceTree = "<group>";
		};
		7AD8AA751D6EECFE00F5B7E8 /* Push */ = {
			isa = PBXGroup;
			children = (
				7AD8AA761D6EECFE00F5B7E8 /* PushViewController.h */,
				7AD8AA771D6EECFE00F5B7E8 /* PushViewController.m */,
				7AD8AA781D6EECFE00F5B7E8 /* PushViewController.xib */,
			);
			path = Push;
			sourceTree = "<group>";
		};
		C05A4D892FE6DEDA979602D8 /* Frameworks */ = {
			isa = PBXGroup;
			children = (
				924AC8B3F6F73818EE6270F1 /* libPods-MapDemo.a */,
				EDB7F83ED7A248901C3A74C9 /* libPods-MapDemoTests.a */,
				241BA886AEA9212C5DB7E30A /* libPods-MapDemoUITests.a */,
			);
			name = Frameworks;
			sourceTree = "<group>";
		};
/* End PBXGroup section */

/* Begin PBXNativeTarget section */
		7AD8AA0A1D6EEA2200F5B7E8 /* MapDemo */ = {
			isa = PBXNativeTarget;
			buildConfigurationList = 7AD8AA381D6EEA2300F5B7E8 /* Build configuration list for PBXNativeTarget "MapDemo" */;
			buildPhases = (
				AABA82368B87CAB9654EED26 /* [CP] Check Pods Manifest.lock */,
				7AD8AA071D6EEA2200F5B7E8 /* Sources */,
				7AD8AA081D6EEA2200F5B7E8 /* Frameworks */,
				7AD8AA091D6EEA2200F5B7E8 /* Resources */,
				891C995868BC7F0BB5E6F950 /* [CP] Embed Pods Frameworks */,
				542017967835715CE464555A /* [CP] Copy Pods Resources */,
			);
			buildRules = (
			);
			dependencies = (
			);
			name = MapDemo;
			productName = MapDemo;
			productReference = 7AD8AA0B1D6EEA2200F5B7E8 /* MapDemo.app */;
			productType = "com.apple.product-type.application";
		};
		7AD8AA231D6EEA2200F5B7E8 /* MapDemoTests */ = {
			isa = PBXNativeTarget;
			buildConfigurationList = 7AD8AA3B1D6EEA2300F5B7E8 /* Build configuration list for PBXNativeTarget "MapDemoTests" */;
			buildPhases = (
				08ACCA1D9C5989D60FB4CD38 /* [CP] Check Pods Manifest.lock */,
				7AD8AA201D6EEA2200F5B7E8 /* Sources */,
				7AD8AA211D6EEA2200F5B7E8 /* Frameworks */,
				7AD8AA221D6EEA2200F5B7E8 /* Resources */,
				AD5DC6B4A69FAC884B9996F4 /* [CP] Embed Pods Frameworks */,
				C31EF6B4AA98E20E514AEAC1 /* [CP] Copy Pods Resources */,
			);
			buildRules = (
			);
			dependencies = (
				7AD8AA261D6EEA2200F5B7E8 /* PBXTargetDependency */,
			);
			name = MapDemoTests;
			productName = MapDemoTests;
			productReference = 7AD8AA241D6EEA2200F5B7E8 /* MapDemoTests.xctest */;
			productType = "com.apple.product-type.bundle.unit-test";
		};
		7AD8AA2E1D6EEA2300F5B7E8 /* MapDemoUITests */ = {
			isa = PBXNativeTarget;
			buildConfigurationList = 7AD8AA3E1D6EEA2300F5B7E8 /* Build configuration list for PBXNativeTarget "MapDemoUITests" */;
			buildPhases = (
				D7D593A909F4DB735559265F /* [CP] Check Pods Manifest.lock */,
				7AD8AA2B1D6EEA2300F5B7E8 /* Sources */,
				7AD8AA2C1D6EEA2300F5B7E8 /* Frameworks */,
				7AD8AA2D1D6EEA2300F5B7E8 /* Resources */,
				B54EFD1A518DA80824510492 /* [CP] Copy Pods Resources */,
			);
			buildRules = (
			);
			dependencies = (
				7AD8AA311D6EEA2300F5B7E8 /* PBXTargetDependency */,
			);
			name = MapDemoUITests;
			productName = MapDemoUITests;
			productReference = 7AD8AA2F1D6EEA2300F5B7E8 /* MapDemoUITests.xctest */;
			productType = "com.apple.product-type.bundle.ui-testing";
		};
/* End PBXNativeTarget section */

/* Begin PBXProject section */
		7AD8AA031D6EEA2200F5B7E8 /* Project object */ = {
			isa = PBXProject;
			attributes = {
				LastUpgradeCheck = 0730;
				ORGANIZATIONNAME = blue;
				TargetAttributes = {
					7AD8AA0A1D6EEA2200F5B7E8 = {
						CreatedOnToolsVersion = 7.3;
						DevelopmentTeam = 6VK272KK89;
					};
					7AD8AA231D6EEA2200F5B7E8 = {
						CreatedOnToolsVersion = 7.3;
						TestTargetID = 7AD8AA0A1D6EEA2200F5B7E8;
					};
					7AD8AA2E1D6EEA2300F5B7E8 = {
						CreatedOnToolsVersion = 7.3;
						TestTargetID = 7AD8AA0A1D6EEA2200F5B7E8;
					};
				};
			};
			buildConfigurationList = 7AD8AA061D6EEA2200F5B7E8 /* Build configuration list for PBXProject "MapDemo" */;
			compatibilityVersion = "Xcode 3.2";
			developmentRegion = English;
			hasScannedForEncodings = 0;
			knownRegions = (
				en,
				Base,
			);
			mainGroup = 7AD8AA021D6EEA2200F5B7E8;
			productRefGroup = 7AD8AA0C1D6EEA2200F5B7E8 /* Products */;
			projectDirPath = "";
			projectRoot = "";
			targets = (
				7AD8AA0A1D6EEA2200F5B7E8 /* MapDemo */,
				7AD8AA231D6EEA2200F5B7E8 /* MapDemoTests */,
				7AD8AA2E1D6EEA2300F5B7E8 /* MapDemoUITests */,
			);
		};
/* End PBXProject section */

/* Begin PBXResourcesBuildPhase section */
		7AD8AA091D6EEA2200F5B7E8 /* Resources */ = {
			isa = PBXResourcesBuildPhase;
			buildActionMask = 2147483647;
			files = (
				7AD8AA1E1D6EEA2200F5B7E8 /* LaunchScreen.storyboard in Resources */,
				7AD8AA8B1D6EF29F00F5B7E8 /* ChooseView.xib in Resources */,
				7AD8AA5C1D6EEBC900F5B7E8 /* VersionViewController.xib in Resources */,
				7AD8AA1B1D6EEA2200F5B7E8 /* Assets.xcassets in Resources */,
				7AD8AA5A1D6EEBC900F5B7E8 /* MenuViewController.xib in Resources */,
				7AD8AA581D6EEBC900F5B7E8 /* MenuCell.xib in Resources */,
				7AD8AA7A1D6EECFE00F5B7E8 /* FirstViewController.xib in Resources */,
				7AD8AA191D6EEA2200F5B7E8 /* Main.storyboard in Resources */,
				7AD8AA7E1D6EECFE00F5B7E8 /* PushViewController.xib in Resources */,
				7AD8AA891D6EF29F00F5B7E8 /* ChooseCell.xib in Resources */,
				7AD8AA7C1D6EECFE00F5B7E8 /* HomeViewController.xib in Resources */,
			);
			runOnlyForDeploymentPostprocessing = 0;
		};
		7AD8AA221D6EEA2200F5B7E8 /* Resources */ = {
			isa = PBXResourcesBuildPhase;
			buildActionMask = 2147483647;
			files = (
			);
			runOnlyForDeploymentPostprocessing = 0;
		};
		7AD8AA2D1D6EEA2300F5B7E8 /* Resources */ = {
			isa = PBXResourcesBuildPhase;
			buildActionMask = 2147483647;
			files = (
			);
			runOnlyForDeploymentPostprocessing = 0;
		};
/* End PBXResourcesBuildPhase section */

/* Begin PBXShellScriptBuildPhase section */
		08ACCA1D9C5989D60FB4CD38 /* [CP] Check Pods Manifest.lock */ = {
			isa = PBXShellScriptBuildPhase;
			buildActionMask = 2147483647;
			files = (
			);
			inputPaths = (
			);
			name = "[CP] Check Pods Manifest.lock";
			outputPaths = (
			);
			runOnlyForDeploymentPostprocessing = 0;
			shellPath = /bin/sh;
			shellScript = "diff \"${PODS_ROOT}/../Podfile.lock\" \"${PODS_ROOT}/Manifest.lock\" > /dev/null\nif [[ $? != 0 ]] ; then\n    cat << EOM\nerror: The sandbox is not in sync with the Podfile.lock. Run 'pod install' or update your CocoaPods installation.\nEOM\n    exit 1\nfi\n";
			showEnvVarsInLog = 0;
		};
		542017967835715CE464555A /* [CP] Copy Pods Resources */ = {
			isa = PBXShellScriptBuildPhase;
			buildActionMask = 2147483647;
			files = (
			);
			inputPaths = (
			);
			name = "[CP] Copy Pods Resources";
			outputPaths = (
			);
			runOnlyForDeploymentPostprocessing = 0;
			shellPath = /bin/sh;
			shellScript = "\"${SRCROOT}/Pods/Target Support Files/Pods-MapDemo/Pods-MapDemo-resources.sh\"\n";
			showEnvVarsInLog = 0;
		};
		891C995868BC7F0BB5E6F950 /* [CP] Embed Pods Frameworks */ = {
			isa = PBXShellScriptBuildPhase;
			buildActionMask = 2147483647;
			files = (
			);
			inputPaths = (
			);
			name = "[CP] Embed Pods Frameworks";
			outputPaths = (
			);
			runOnlyForDeploymentPostprocessing = 0;
			shellPath = /bin/sh;
			shellScript = "\"${SRCROOT}/Pods/Target Support Files/Pods-MapDemo/Pods-MapDemo-frameworks.sh\"\n";
			showEnvVarsInLog = 0;
		};
		AABA82368B87CAB9654EED26 /* [CP] Check Pods Manifest.lock */ = {
			isa = PBXShellScriptBuildPhase;
			buildActionMask = 2147483647;
			files = (
			);
			inputPaths = (
			);
			name = "[CP] Check Pods Manifest.lock";
			outputPaths = (
			);
			runOnlyForDeploymentPostprocessing = 0;
			shellPath = /bin/sh;
			shellScript = "diff \"${PODS_ROOT}/../Podfile.lock\" \"${PODS_ROOT}/Manifest.lock\" > /dev/null\nif [[ $? != 0 ]] ; then\n    cat << EOM\nerror: The sandbox is not in sync with the Podfile.lock. Run 'pod install' or update your CocoaPods installation.\nEOM\n    exit 1\nfi\n";
			showEnvVarsInLog = 0;
		};
		AD5DC6B4A69FAC884B9996F4 /* [CP] Embed Pods Frameworks */ = {
			isa = PBXShellScriptBuildPhase;
			buildActionMask = 2147483647;
			files = (
			);
			inputPaths = (
			);
			name = "[CP] Embed Pods Frameworks";
			outputPaths = (
			);
			runOnlyForDeploymentPostprocessing = 0;
			shellPath = /bin/sh;
			shellScript = "\"${SRCROOT}/Pods/Target Support Files/Pods-MapDemoTests/Pods-MapDemoTests-frameworks.sh\"\n";
			showEnvVarsInLog = 0;
		};
		B54EFD1A518DA80824510492 /* [CP] Copy Pods Resources */ = {
			isa = PBXShellScriptBuildPhase;
			buildActionMask = 2147483647;
			files = (
			);
			inputPaths = (
			);
			name = "[CP] Copy Pods Resources";
			outputPaths = (
			);
			runOnlyForDeploymentPostprocessing = 0;
			shellPath = /bin/sh;
			shellScript = "\"${SRCROOT}/Pods/Target Support Files/Pods-MapDemoUITests/Pods-MapDemoUITests-resources.sh\"\n";
			showEnvVarsInLog = 0;
		};
		C31EF6B4AA98E20E514AEAC1 /* [CP] Copy Pods Resources */ = {
			isa = PBXShellScriptBuildPhase;
			buildActionMask = 2147483647;
			files = (
			);
			inputPaths = (
			);
			name = "[CP] Copy Pods Resources";
			outputPaths = (
			);
			runOnlyForDeploymentPostprocessing = 0;
			shellPath = /bin/sh;
			shellScript = "\"${SRCROOT}/Pods/Target Support Files/Pods-MapDemoTests/Pods-MapDemoTests-resources.sh\"\n";
			showEnvVarsInLog = 0;
		};
		D7D593A909F4DB735559265F /* [CP] Check Pods Manifest.lock */ = {
			isa = PBXShellScriptBuildPhase;
			buildActionMask = 2147483647;
			files = (
			);
			inputPaths = (
			);
			name = "[CP] Check Pods Manifest.lock";
			outputPaths = (
			);
			runOnlyForDeploymentPostprocessing = 0;
			shellPath = /bin/sh;
			shellScript = "diff \"${PODS_ROOT}/../Podfile.lock\" \"${PODS_ROOT}/Manifest.lock\" > /dev/null\nif [[ $? != 0 ]] ; then\n    cat << EOM\nerror: The sandbox is not in sync with the Podfile.lock. Run 'pod install' or update your CocoaPods installation.\nEOM\n    exit 1\nfi\n";
			showEnvVarsInLog = 0;
		};
/* End PBXShellScriptBuildPhase section */

/* Begin PBXSourcesBuildPhase section */
		7AD8AA071D6EEA2200F5B7E8 /* Sources */ = {
			isa = PBXSourcesBuildPhase;
			buildActionMask = 2147483647;
			files = (
				7AD8AA791D6EECFE00F5B7E8 /* FirstViewController.m in Sources */,
				7AD8AA551D6EEBC900F5B7E8 /* GHRevealViewController.m in Sources */,
				7AD8AA5B1D6EEBC900F5B7E8 /* VersionViewController.m in Sources */,
				7AD8AA881D6EF29F00F5B7E8 /* ChooseCell.m in Sources */,
				7AD8AA591D6EEBC900F5B7E8 /* MenuViewController.m in Sources */,
				7AD8AA161D6EEA2200F5B7E8 /* ViewController.m in Sources */,
				7AD8AA571D6EEBC900F5B7E8 /* MenuCell.m in Sources */,
				7AD8AA8A1D6EF29F00F5B7E8 /* ChooseView.m in Sources */,
				7AD8AA541D6EEBC900F5B7E8 /* CustomNavigationController.m in Sources */,
				7AD8AA811D6EF1A000F5B7E8 /* MPCalloutAnnotationView.m in Sources */,
				7AD8AA7D1D6EECFE00F5B7E8 /* PushViewController.m in Sources */,
				7AD8AA131D6EEA2200F5B7E8 /* AppDelegate.m in Sources */,
				7AD8AA561D6EEBC900F5B7E8 /* MainViewController.m in Sources */,
				7AD8AA101D6EEA2200F5B7E8 /* main.m in Sources */,
				7AD8AA531D6EEBC900F5B7E8 /* clsMenu.m in Sources */,
				7AD8AA7B1D6EECFE00F5B7E8 /* HomeViewController.m in Sources */,
			);
			runOnlyForDeploymentPostprocessing = 0;
		};
		7AD8AA201D6EEA2200F5B7E8 /* Sources */ = {
			isa = PBXSourcesBuildPhase;
			buildActionMask = 2147483647;
			files = (
				7AD8AA291D6EEA2300F5B7E8 /* MapDemoTests.m in Sources */,
			);
			runOnlyForDeploymentPostprocessing = 0;
		};
		7AD8AA2B1D6EEA2300F5B7E8 /* Sources */ = {
			isa = PBXSourcesBuildPhase;
			buildActionMask = 2147483647;
			files = (
				7AD8AA341D6EEA2300F5B7E8 /* MapDemoUITests.m in Sources */,
			);
			runOnlyForDeploymentPostprocessing = 0;
		};
/* End PBXSourcesBuildPhase section */

/* Begin PBXTargetDependency section */
		7AD8AA261D6EEA2200F5B7E8 /* PBXTargetDependency */ = {
			isa = PBXTargetDependency;
			target = 7AD8AA0A1D6EEA2200F5B7E8 /* MapDemo */;
			targetProxy = 7AD8AA251D6EEA2200F5B7E8 /* PBXContainerItemProxy */;
		};
		7AD8AA311D6EEA2300F5B7E8 /* PBXTargetDependency */ = {
			isa = PBXTargetDependency;
			target = 7AD8AA0A1D6EEA2200F5B7E8 /* MapDemo */;
			targetProxy = 7AD8AA301D6EEA2300F5B7E8 /* PBXContainerItemProxy */;
		};
/* End PBXTargetDependency section */

/* Begin PBXVariantGroup section */
		7AD8AA171D6EEA2200F5B7E8 /* Main.storyboard */ = {
			isa = PBXVariantGroup;
			children = (
				7AD8AA181D6EEA2200F5B7E8 /* Base */,
			);
			name = Main.storyboard;
			sourceTree = "<group>";
		};
		7AD8AA1C1D6EEA2200F5B7E8 /* LaunchScreen.storyboard */ = {
			isa = PBXVariantGroup;
			children = (
				7AD8AA1D1D6EEA2200F5B7E8 /* Base */,
			);
			name = LaunchScreen.storyboard;
			sourceTree = "<group>";
		};
/* End PBXVariantGroup section */

/* Begin XCBuildConfiguration section */
		7AD8AA361D6EEA2300F5B7E8 /* Debug */ = {
			isa = XCBuildConfiguration;
			buildSettings = {
				ALWAYS_SEARCH_USER_PATHS = NO;
				CLANG_ANALYZER_NONNULL = YES;
				CLANG_CXX_LANGUAGE_STANDARD = "gnu++0x";
				CLANG_CXX_LIBRARY = "libc++";
				CLANG_ENABLE_MODULES = YES;
				CLANG_ENABLE_OBJC_ARC = YES;
				CLANG_WARN_BOOL_CONVERSION = YES;
				CLANG_WARN_CONSTANT_CONVERSION = YES;
				CLANG_WARN_DIRECT_OBJC_ISA_USAGE = YES_ERROR;
				CLANG_WARN_EMPTY_BODY = YES;
				CLANG_WARN_ENUM_CONVERSION = YES;
				CLANG_WARN_INT_CONVERSION = YES;
				CLANG_WARN_OBJC_ROOT_CLASS = YES_ERROR;
				CLANG_WARN_UNREACHABLE_CODE = YES;
				CLANG_WARN__DUPLICATE_METHOD_MATCH = YES;
				"CODE_SIGN_IDENTITY[sdk=iphoneos*]" = "iPhone Developer";
				COPY_PHASE_STRIP = NO;
				DEBUG_INFORMATION_FORMAT = dwarf;
				ENABLE_STRICT_OBJC_MSGSEND = YES;
				ENABLE_TESTABILITY = YES;
				GCC_C_LANGUAGE_STANDARD = gnu99;
				GCC_DYNAMIC_NO_PIC = NO;
				GCC_NO_COMMON_BLOCKS = YES;
				GCC_OPTIMIZATION_LEVEL = 0;
				GCC_PREPROCESSOR_DEFINITIONS = (
					"DEBUG=1",
					"$(inherited)",
				);
				GCC_WARN_64_TO_32_BIT_CONVERSION = YES;
				GCC_WARN_ABOUT_RETURN_TYPE = YES_ERROR;
				GCC_WARN_UNDECLARED_SELECTOR = YES;
				GCC_WARN_UNINITIALIZED_AUTOS = YES_AGGRESSIVE;
				GCC_WARN_UNUSED_FUNCTION = YES;
				GCC_WARN_UNUSED_VARIABLE = YES;
				IPHONEOS_DEPLOYMENT_TARGET = 9.3;
				MTL_ENABLE_DEBUG_INFO = YES;
				ONLY_ACTIVE_ARCH = YES;
				SDKROOT = iphoneos;
			};
			name = Debug;
		};
		7AD8AA371D6EEA2300F5B7E8 /* Release */ = {
			isa = XCBuildConfiguration;
			buildSettings = {
				ALWAYS_SEARCH_USER_PATHS = NO;
				CLANG_ANALYZER_NONNULL = YES;
				CLANG_CXX_LANGUAGE_STANDARD = "gnu++0x";
				CLANG_CXX_LIBRARY = "libc++";
				CLANG_ENABLE_MODULES = YES;
				CLANG_ENABLE_OBJC_ARC = YES;
				CLANG_WARN_BOOL_CONVERSION = YES;
				CLANG_WARN_CONSTANT_CONVERSION = YES;
				CLANG_WARN_DIRECT_OBJC_ISA_USAGE = YES_ERROR;
				CLANG_WARN_EMPTY_BODY = YES;
				CLANG_WARN_ENUM_CONVERSION = YES;
				CLANG_WARN_INT_CONVERSION = YES;
				CLANG_WARN_OBJC_ROOT_CLASS = YES_ERROR;
				CLANG_WARN_UNREACHABLE_CODE = YES;
				CLANG_WARN__DUPLICATE_METHOD_MATCH = YES;
				"CODE_SIGN_IDENTITY[sdk=iphoneos*]" = "iPhone Developer";
				COPY_PHASE_STRIP = NO;
				DEBUG_INFORMATION_FORMAT = "dwarf-with-dsym";
				ENABLE_NS_ASSERTIONS = NO;
				ENABLE_STRICT_OBJC_MSGSEND = YES;
				GCC_C_LANGUAGE_STANDARD = gnu99;
				GCC_NO_COMMON_BLOCKS = YES;
				GCC_WARN_64_TO_32_BIT_CONVERSION = YES;
				GCC_WARN_ABOUT_RETURN_TYPE = YES_ERROR;
				GCC_WARN_UNDECLARED_SELECTOR = YES;
				GCC_WARN_UNINITIALIZED_AUTOS = YES_AGGRESSIVE;
				GCC_WARN_UNUSED_FUNCTION = YES;
				GCC_WARN_UNUSED_VARIABLE = YES;
				IPHONEOS_DEPLOYMENT_TARGET = 9.3;
				MTL_ENABLE_DEBUG_INFO = NO;
				SDKROOT = iphoneos;
				VALIDATE_PRODUCT = YES;
			};
			name = Release;
		};
		7AD8AA391D6EEA2300F5B7E8 /* Debug */ = {
			isa = XCBuildConfiguration;
			baseConfigurationReference = 6B53292900E1476F7B814DC4 /* Pods-MapDemo.debug.xcconfig */;
			buildSettings = {
				ASSETCATALOG_COMPILER_APPICON_NAME = AppIcon;
				CODE_SIGN_IDENTITY = "iPhone Developer";
				"CODE_SIGN_IDENTITY[sdk=iphoneos*]" = "iPhone Developer";
				INFOPLIST_FILE = MapDemo/Info.plist;
				LD_RUNPATH_SEARCH_PATHS = "$(inherited) @executable_path/Frameworks";
				PRODUCT_BUNDLE_IDENTIFIER = com.blue.MapDemo;
				PRODUCT_NAME = "$(TARGET_NAME)";
				PROVISIONING_PROFILE = "";
			};
			name = Debug;
		};
		7AD8AA3A1D6EEA2300F5B7E8 /* Release */ = {
			isa = XCBuildConfiguration;
			baseConfigurationReference = 9122A5F63EE97D80C3C099D4 /* Pods-MapDemo.release.xcconfig */;
			buildSettings = {
				ASSETCATALOG_COMPILER_APPICON_NAME = AppIcon;
				CODE_SIGN_IDENTITY = "iPhone Developer";
				"CODE_SIGN_IDENTITY[sdk=iphoneos*]" = "iPhone Developer";
				INFOPLIST_FILE = MapDemo/Info.plist;
				LD_RUNPATH_SEARCH_PATHS = "$(inherited) @executable_path/Frameworks";
				PRODUCT_BUNDLE_IDENTIFIER = com.blue.MapDemo;
				PRODUCT_NAME = "$(TARGET_NAME)";
				PROVISIONING_PROFILE = "";
			};
			name = Release;
		};
		7AD8AA3C1D6EEA2300F5B7E8 /* Debug */ = {
			isa = XCBuildConfiguration;
			baseConfigurationReference = 77F01B46576FE717A9DF0B55 /* Pods-MapDemoTests.debug.xcconfig */;
			buildSettings = {
				BUNDLE_LOADER = "$(TEST_HOST)";
				INFOPLIST_FILE = MapDemoTests/Info.plist;
				LD_RUNPATH_SEARCH_PATHS = "$(inherited) @executable_path/Frameworks @loader_path/Frameworks";
				PRODUCT_BUNDLE_IDENTIFIER = com.blue.MapDemoTests;
				PRODUCT_NAME = "$(TARGET_NAME)";
				TEST_HOST = "$(BUILT_PRODUCTS_DIR)/MapDemo.app/MapDemo";
			};
			name = Debug;
		};
		7AD8AA3D1D6EEA2300F5B7E8 /* Release */ = {
			isa = XCBuildConfiguration;
			baseConfigurationReference = 54CC43A0E6B17FA092818B40 /* Pods-MapDemoTests.release.xcconfig */;
			buildSettings = {
				BUNDLE_LOADER = "$(TEST_HOST)";
				INFOPLIST_FILE = MapDemoTests/Info.plist;
				LD_RUNPATH_SEARCH_PATHS = "$(inherited) @executable_path/Frameworks @loader_path/Frameworks";
				PRODUCT_BUNDLE_IDENTIFIER = com.blue.MapDemoTests;
				PRODUCT_NAME = "$(TARGET_NAME)";
				TEST_HOST = "$(BUILT_PRODUCTS_DIR)/MapDemo.app/MapDemo";
			};
			name = Release;
		};
		7AD8AA3F1D6EEA2300F5B7E8 /* Debug */ = {
			isa = XCBuildConfiguration;
			baseConfigurationReference = BC465E6618C81F7EE7C0091E /* Pods-MapDemoUITests.debug.xcconfig */;
			buildSettings = {
				INFOPLIST_FILE = MapDemoUITests/Info.plist;
				LD_RUNPATH_SEARCH_PATHS = "$(inherited) @executable_path/Frameworks @loader_path/Frameworks";
				PRODUCT_BUNDLE_IDENTIFIER = com.blue.MapDemoUITests;
				PRODUCT_NAME = "$(TARGET_NAME)";
				TEST_TARGET_NAME = MapDemo;
			};
			name = Debug;
		};
		7AD8AA401D6EEA2300F5B7E8 /* Release */ = {
			isa = XCBuildConfiguration;
			baseConfigurationReference = D6E486DDBC35083D52FA15B6 /* Pods-MapDemoUITests.release.xcconfig */;
			buildSettings = {
				INFOPLIST_FILE = MapDemoUITests/Info.plist;
				LD_RUNPATH_SEARCH_PATHS = "$(inherited) @executable_path/Frameworks @loader_path/Frameworks";
				PRODUCT_BUNDLE_IDENTIFIER = com.blue.MapDemoUITests;
				PRODUCT_NAME = "$(TARGET_NAME)";
				TEST_TARGET_NAME = MapDemo;
			};
			name = Release;
		};
/* End XCBuildConfiguration section */

/* Begin XCConfigurationList section */
		7AD8AA061D6EEA2200F5B7E8 /* Build configuration list for PBXProject "MapDemo" */ = {
			isa = XCConfigurationList;
			buildConfigurations = (
				7AD8AA361D6EEA2300F5B7E8 /* Debug */,
				7AD8AA371D6EEA2300F5B7E8 /* Release */,
			);
			defaultConfigurationIsVisible = 0;
			defaultConfigurationName = Release;
		};
		7AD8AA381D6EEA2300F5B7E8 /* Build configuration list for PBXNativeTarget "MapDemo" */ = {
			isa = XCConfigurationList;
			buildConfigurations = (
				7AD8AA391D6EEA2300F5B7E8 /* Debug */,
				7AD8AA3A1D6EEA2300F5B7E8 /* Release */,
			);
			defaultConfigurationIsVisible = 0;
			defaultConfigurationName = Release;
		};
		7AD8AA3B1D6EEA2300F5B7E8 /* Build configuration list for PBXNativeTarget "MapDemoTests" */ = {
			isa = XCConfigurationList;
			buildConfigurations = (
				7AD8AA3C1D6EEA2300F5B7E8 /* Debug */,
				7AD8AA3D1D6EEA2300F5B7E8 /* Release */,
			);
			defaultConfigurationIsVisible = 0;
			defaultConfigurationName = Release;
		};
		7AD8AA3E1D6EEA2300F5B7E8 /* Build configuration list for PBXNativeTarget "MapDemoUITests" */ = {
			isa = XCConfigurationList;
			buildConfigurations = (
				7AD8AA3F1D6EEA2300F5B7E8 /* Debug */,
				7AD8AA401D6EEA2300F5B7E8 /* Release */,
			);
			defaultConfigurationIsVisible = 0;
			defaultConfigurationName = Release;
		};
/* End XCConfigurationList section */
	};
	rootObject = 7AD8AA031D6EEA2200F5B7E8 /* Project object */;
}
